
Microsoft Visual Studio Solution File, Format Version 12.00
# Visual Studio Version 16
VisualStudioVersion = 16.0.30621.155
MinimumVisualStudioVersion = 10.0.40219.1
Project("{9A19103F-16F7-4668-BE54-9A1E7A4F7556}") = "sprout.hr.admin.portal", "sprout.hr.admin.portal\sprout.hr.admin.portal.csproj", "{263989FE-2C33-4F4C-B0CF-F56B738F2606}"
EndProject
Project("{9A19103F-16F7-4668-BE54-9A1E7A4F7556}") = "sprout.hr.admin.core", "sprout.hr.admin.core\sprout.hr.admin.core.csproj", "{A27AAE5B-E20B-448E-9903-859E4FA4B989}"
EndProject
Project("{9A19103F-16F7-4668-BE54-9A1E7A4F7556}") = "sprout.hr.admin.test", "sprout.hr.admin.test\sprout.hr.admin.test.csproj", "{F1279632-CF88-4AF4-B390-E26327067EB0}"
EndProject
Global
	GlobalSection(SolutionConfigurationPlatforms) = preSolution
		Debug|Any CPU = Debug|Any CPU
		Release|Any CPU = Release|Any CPU
	EndGlobalSection
	GlobalSection(ProjectConfigurationPlatforms) = postSolution
		{263989FE-2C33-4F4C-B0CF-F56B738F2606}.Debug|Any CPU.ActiveCfg = Debug|Any CPU
		{263989FE-2C33-4F4C-B0CF-F56B738F2606}.Debug|Any CPU.Build.0 = Debug|Any CPU
		{263989FE-2C33-4F4C-B0CF-F56B738F2606}.Release|Any CPU.ActiveCfg = Release|Any CPU
		{263989FE-2C33-4F4C-B0CF-F56B738F2606}.Release|Any CPU.Build.0 = Release|Any CPU
		{A27AAE5B-E20B-448E-9903-859E4FA4B989}.Debug|Any CPU.ActiveCfg = Debug|Any CPU
		{A27AAE5B-E20B-448E-9903-859E4FA4B989}.Debug|Any CPU.Build.0 = Debug|Any CPU
		{A27AAE5B-E20B-448E-9903-859E4FA4B989}.Release|Any CPU.ActiveCfg = Release|Any CPU
		{A27AAE5B-E20B-448E-9903-859E4FA4B989}.Release|Any CPU.Build.0 = Release|Any CPU
		{F1279632-CF88-4AF4-B390-E26327067EB0}.Debug|Any CPU.ActiveCfg = Debug|Any CPU
		{F1279632-CF88-4AF4-B390-E26327067EB0}.Debug|Any CPU.Build.0 = Debug|Any CPU
		{F1279632-CF88-4AF4-B390-E26327067EB0}.Release|Any CPU.ActiveCfg = Release|Any CPU
		{F1279632-CF88-4AF4-B390-E26327067EB0}.Release|Any CPU.Build.0 = Release|Any CPU
	EndGlobalSection
	GlobalSection(SolutionProperties) = preSolution
		HideSolutionNode = FALSE
	EndGlobalSection
	GlobalSection(ExtensibilityGlobals) = postSolution
		SolutionGuid = {B3188041-621B-4D8F-980A-09C69AC5E5C8}
	EndGlobalSection
EndGlobal
